
Microsoft Visual Studio Solution File, Format Version 12.00
# Visual Studio 15
VisualStudioVersion = 15.0.27130.2027
MinimumVisualStudioVersion = 10.0.40219.1
Project("{FAE04EC0-301F-11D3-BF4B-00C04F79EFBC}") = "OpenStory", "OpenStory\OpenStory.csproj", "{C5906507-E10F-4418-8732-FBE31F202E61}"
EndProject
Project("{FAE04EC0-301F-11D3-BF4B-00C04F79EFBC}") = "OpenStory.UnitTests", "OpenStory.UnitTests\OpenStory.UnitTests.csproj", "{EC158AE4-DB12-4E08-8CDE-6FB31F8C1613}"
EndProject
Global
	GlobalSection(SolutionConfigurationPlatforms) = preSolution
		Debug|Any CPU = Debug|Any CPU
		Release|Any CPU = Release|Any CPU
	EndGlobalSection
	GlobalSection(ProjectConfigurationPlatforms) = postSolution
		{C5906507-E10F-4418-8732-FBE31F202E61}.Debug|Any CPU.ActiveCfg = Debug|Any CPU
		{C5906507-E10F-4418-8732-FBE31F202E61}.Debug|Any CPU.Build.0 = Debug|Any CPU
		{C5906507-E10F-4418-8732-FBE31F202E61}.Release|Any CPU.ActiveCfg = Release|Any CPU
		{C5906507-E10F-4418-8732-FBE31F202E61}.Release|Any CPU.Build.0 = Release|Any CPU
		{EC158AE4-DB12-4E08-8CDE-6FB31F8C1613}.Debug|Any CPU.ActiveCfg = Debug|Any CPU
		{EC158AE4-DB12-4E08-8CDE-6FB31F8C1613}.Debug|Any CPU.Build.0 = Debug|Any CPU
		{EC158AE4-DB12-4E08-8CDE-6FB31F8C1613}.Release|Any CPU.ActiveCfg = Release|Any CPU
		{EC158AE4-DB12-4E08-8CDE-6FB31F8C1613}.Release|Any CPU.Build.0 = Release|Any CPU
	EndGlobalSection
	GlobalSection(SolutionProperties) = preSolution
		HideSolutionNode = FALSE
	EndGlobalSection
	GlobalSection(ExtensibilityGlobals) = postSolution
		SolutionGuid = {1AF78EB1-278F-4D97-9839-95471A1D15BE}
	EndGlobalSection
EndGlobal
